// !$*UTF8*$!
{
	archiveVersion = 1;
	classes = {
	};
	objectVersion = 50;
	objects = {

/* Begin PBXBuildFile section */
		227E5F3721290E9000BC97E1 /* AppDelegate.swift in Sources */ = {isa = PBXBuildFile; fileRef = 227E5F3621290E9000BC97E1 /* AppDelegate.swift */; };
		227E5F3921290E9000BC97E1 /* ViewController.swift in Sources */ = {isa = PBXBuildFile; fileRef = 227E5F3821290E9000BC97E1 /* ViewController.swift */; };
		227E5F3C21290E9000BC97E1 /* Main.storyboard in Resources */ = {isa = PBXBuildFile; fileRef = 227E5F3A21290E9000BC97E1 /* Main.storyboard */; };
		227E5F3F21290E9000BC97E1 /* Monash_Zoo.xcdatamodeld in Sources */ = {isa = PBXBuildFile; fileRef = 227E5F3D21290E9000BC97E1 /* Monash_Zoo.xcdatamodeld */; };
		227E5F4121290E9200BC97E1 /* Assets.xcassets in Resources */ = {isa = PBXBuildFile; fileRef = 227E5F4021290E9200BC97E1 /* Assets.xcassets */; };
		227E5F4421290E9200BC97E1 /* LaunchScreen.storyboard in Resources */ = {isa = PBXBuildFile; fileRef = 227E5F4221290E9200BC97E1 /* LaunchScreen.storyboard */; };
		227E5F4F21290E9200BC97E1 /* Monash_ZooTests.swift in Sources */ = {isa = PBXBuildFile; fileRef = 227E5F4E21290E9200BC97E1 /* Monash_ZooTests.swift */; };
		227E5F5A21290E9200BC97E1 /* Monash_ZooUITests.swift in Sources */ = {isa = PBXBuildFile; fileRef = 227E5F5921290E9200BC97E1 /* Monash_ZooUITests.swift */; };
/* End PBXBuildFile section */

/* Begin PBXContainerItemProxy section */
		227E5F4B21290E9200BC97E1 /* PBXContainerItemProxy */ = {
			isa = PBXContainerItemProxy;
			containerPortal = 227E5F2B21290E9000BC97E1 /* Project object */;
			proxyType = 1;
			remoteGlobalIDString = 227E5F3221290E9000BC97E1;
			remoteInfo = "Monash Zoo";
		};
		227E5F5621290E9200BC97E1 /* PBXContainerItemProxy */ = {
			isa = PBXContainerItemProxy;
			containerPortal = 227E5F2B21290E9000BC97E1 /* Project object */;
			proxyType = 1;
			remoteGlobalIDString = 227E5F3221290E9000BC97E1;
			remoteInfo = "Monash Zoo";
		};
/* End PBXContainerItemProxy section */

/* Begin PBXFileReference section */
		227E5F3321290E9000BC97E1 /* Monash Zoo.app */ = {isa = PBXFileReference; explicitFileType = wrapper.application; includeInIndex = 0; path = "Monash Zoo.app"; sourceTree = BUILT_PRODUCTS_DIR; };
		227E5F3621290E9000BC97E1 /* AppDelegate.swift */ = {isa = PBXFileReference; lastKnownFileType = sourcecode.swift; path = AppDelegate.swift; sourceTree = "<group>"; };
		227E5F3821290E9000BC97E1 /* ViewController.swift */ = {isa = PBXFileReference; lastKnownFileType = sourcecode.swift; path = ViewController.swift; sourceTree = "<group>"; };
		227E5F3B21290E9000BC97E1 /* Base */ = {isa = PBXFileReference; lastKnownFileType = file.storyboard; name = Base; path = Base.lproj/Main.storyboard; sourceTree = "<group>"; };
		227E5F3E21290E9000BC97E1 /* Monash_Zoo.xcdatamodel */ = {isa = PBXFileReference; lastKnownFileType = wrapper.xcdatamodel; path = Monash_Zoo.xcdatamodel; sourceTree = "<group>"; };
		227E5F4021290E9200BC97E1 /* Assets.xcassets */ = {isa = PBXFileReference; lastKnownFileType = folder.assetcatalog; path = Assets.xcassets; sourceTree = "<group>"; };
		227E5F4321290E9200BC97E1 /* Base */ = {isa = PBXFileReference; lastKnownFileType = file.storyboard; name = Base; path = Base.lproj/LaunchScreen.storyboard; sourceTree = "<group>"; };
		227E5F4521290E9200BC97E1 /* Info.plist */ = {isa = PBXFileReference; lastKnownFileType = text.plist.xml; path = Info.plist; sourceTree = "<group>"; };
		227E5F4A21290E9200BC97E1 /* Monash ZooTests.xctest */ = {isa = PBXFileReference; explicitFileType = wrapper.cfbundle; includeInIndex = 0; path = "Monash ZooTests.xctest"; sourceTree = BUILT_PRODUCTS_DIR; };
		227E5F4E21290E9200BC97E1 /* Monash_ZooTests.swift */ = {isa = PBXFileReference; lastKnownFileType = sourcecode.swift; path = Monash_ZooTests.swift; sourceTree = "<group>"; };
		227E5F5021290E9200BC97E1 /* Info.plist */ = {isa = PBXFileReference; lastKnownFileType = text.plist.xml; path = Info.plist; sourceTree = "<group>"; };
		227E5F5521290E9200BC97E1 /* Monash ZooUITests.xctest */ = {isa = PBXFileReference; explicitFileType = wrapper.cfbundle; includeInIndex = 0; path = "Monash ZooUITests.xctest"; sourceTree = BUILT_PRODUCTS_DIR; };
		227E5F5921290E9200BC97E1 /* Monash_ZooUITests.swift */ = {isa = PBXFileReference; lastKnownFileType = sourcecode.swift; path = Monash_ZooUITests.swift; sourceTree = "<group>"; };
		227E5F5B21290E9200BC97E1 /* Info.plist */ = {isa = PBXFileReference; lastKnownFileType = text.plist.xml; path = Info.plist; sourceTree = "<group>"; };
/* End PBXFileReference section */

/* Begin PBXFrameworksBuildPhase section */
		227E5F3021290E9000BC97E1 /* Frameworks */ = {
			isa = PBXFrameworksBuildPhase;
			buildActionMask = 2147483647;
			files = (
			);
			runOnlyForDeploymentPostprocessing = 0;
		};
		227E5F4721290E9200BC97E1 /* Frameworks */ = {
			isa = PBXFrameworksBuildPhase;
			buildActionMask = 2147483647;
			files = (
			);
			runOnlyForDeploymentPostprocessing = 0;
		};
		227E5F5221290E9200BC97E1 /* Frameworks */ = {
			isa = PBXFrameworksBuildPhase;
			buildActionMask = 2147483647;
			files = (
			);
			runOnlyForDeploymentPostprocessing = 0;
		};
/* End PBXFrameworksBuildPhase section */

/* Begin PBXGroup section */
		227E5F2A21290E9000BC97E1 = {
			isa = PBXGroup;
			children = (
				227E5F3521290E9000BC97E1 /* Monash Zoo */,
				227E5F4D21290E9200BC97E1 /* Monash ZooTests */,
				227E5F5821290E9200BC97E1 /* Monash ZooUITests */,
				227E5F3421290E9000BC97E1 /* Products */,
			);
			sourceTree = "<group>";
		};
		227E5F3421290E9000BC97E1 /* Products */ = {
			isa = PBXGroup;
			children = (
				227E5F3321290E9000BC97E1 /* Monash Zoo.app */,
				227E5F4A21290E9200BC97E1 /* Monash ZooTests.xctest */,
				227E5F5521290E9200BC97E1 /* Monash ZooUITests.xctest */,
			);
			name = Products;
			sourceTree = "<group>";
		};
		227E5F3521290E9000BC97E1 /* Monash Zoo */ = {
			isa = PBXGroup;
			children = (
				227E5F3621290E9000BC97E1 /* AppDelegate.swift */,
				227E5F3821290E9000BC97E1 /* ViewController.swift */,
				227E5F3A21290E9000BC97E1 /* Main.storyboard */,
				227E5F4021290E9200BC97E1 /* Assets.xcassets */,
				227E5F4221290E9200BC97E1 /* LaunchScreen.storyboard */,
				227E5F4521290E9200BC97E1 /* Info.plist */,
				227E5F3D21290E9000BC97E1 /* Monash_Zoo.xcdatamodeld */,
			);
			path = "Monash Zoo";
			sourceTree = "<group>";
		};
		227E5F4D21290E9200BC97E1 /* Monash ZooTests */ = {
			isa = PBXGroup;
			children = (
				227E5F4E21290E9200BC97E1 /* Monash_ZooTests.swift */,
				227E5F5021290E9200BC97E1 /* Info.plist */,
			);
			path = "Monash ZooTests";
			sourceTree = "<group>";
		};
		227E5F5821290E9200BC97E1 /* Monash ZooUITests */ = {
			isa = PBXGroup;
			children = (
				227E5F5921290E9200BC97E1 /* Monash_ZooUITests.swift */,
				227E5F5B21290E9200BC97E1 /* Info.plist */,
			);
			path = "Monash ZooUITests";
			sourceTree = "<group>";
		};
/* End PBXGroup section */

/* Begin PBXNativeTarget section */
		227E5F3221290E9000BC97E1 /* Monash Zoo */ = {
			isa = PBXNativeTarget;
			buildConfigurationList = 227E5F5E21290E9200BC97E1 /* Build configuration list for PBXNativeTarget "Monash Zoo" */;
			buildPhases = (
				227E5F2F21290E9000BC97E1 /* Sources */,
				227E5F3021290E9000BC97E1 /* Frameworks */,
				227E5F3121290E9000BC97E1 /* Resources */,
			);
			buildRules = (
			);
			dependencies = (
			);
			name = "Monash Zoo";
			productName = "Monash Zoo";
			productReference = 227E5F3321290E9000BC97E1 /* Monash Zoo.app */;
			productType = "com.apple.product-type.application";
		};
		227E5F4921290E9200BC97E1 /* Monash ZooTests */ = {
			isa = PBXNativeTarget;
			buildConfigurationList = 227E5F6121290E9200BC97E1 /* Build configuration list for PBXNativeTarget "Monash ZooTests" */;
			buildPhases = (
				227E5F4621290E9200BC97E1 /* Sources */,
				227E5F4721290E9200BC97E1 /* Frameworks */,
				227E5F4821290E9200BC97E1 /* Resources */,
			);
			buildRules = (
			);
			dependencies = (
				227E5F4C21290E9200BC97E1 /* PBXTargetDependency */,
			);
			name = "Monash ZooTests";
			productName = "Monash ZooTests";
			productReference = 227E5F4A21290E9200BC97E1 /* Monash ZooTests.xctest */;
			productType = "com.apple.product-type.bundle.unit-test";
		};
		227E5F5421290E9200BC97E1 /* Monash ZooUITests */ = {
			isa = PBXNativeTarget;
			buildConfigurationList = 227E5F6421290E9200BC97E1 /* Build configuration list for PBXNativeTarget "Monash ZooUITests" */;
			buildPhases = (
				227E5F5121290E9200BC97E1 /* Sources */,
				227E5F5221290E9200BC97E1 /* Frameworks */,
				227E5F5321290E9200BC97E1 /* Resources */,
			);
			buildRules = (
			);
			dependencies = (
				227E5F5721290E9200BC97E1 /* PBXTargetDependency */,
			);
			name = "Monash ZooUITests";
			productName = "Monash ZooUITests";
			productReference = 227E5F5521290E9200BC97E1 /* Monash ZooUITests.xctest */;
			productType = "com.apple.product-type.bundle.ui-testing";
		};
/* End PBXNativeTarget section */

/* Begin PBXProject section */
		227E5F2B21290E9000BC97E1 /* Project object */ = {
			isa = PBXProject;
			attributes = {
				LastSwiftUpdateCheck = 0940;
				LastUpgradeCheck = 0940;
				ORGANIZATIONNAME = Sam;
				TargetAttributes = {
					227E5F3221290E9000BC97E1 = {
						CreatedOnToolsVersion = 9.4.1;
					};
					227E5F4921290E9200BC97E1 = {
						CreatedOnToolsVersion = 9.4.1;
						TestTargetID = 227E5F3221290E9000BC97E1;
					};
					227E5F5421290E9200BC97E1 = {
						CreatedOnToolsVersion = 9.4.1;
						TestTargetID = 227E5F3221290E9000BC97E1;
					};
				};
			};
			buildConfigurationList = 227E5F2E21290E9000BC97E1 /* Build configuration list for PBXProject "Monash Zoo" */;
			compatibilityVersion = "Xcode 9.3";
			developmentRegion = en;
			hasScannedForEncodings = 0;
			knownRegions = (
				en,
				Base,
			);
			mainGroup = 227E5F2A21290E9000BC97E1;
			productRefGroup = 227E5F3421290E9000BC97E1 /* Products */;
			projectDirPath = "";
			projectRoot = "";
			targets = (
				227E5F3221290E9000BC97E1 /* Monash Zoo */,
				227E5F4921290E9200BC97E1 /* Monash ZooTests */,
				227E5F5421290E9200BC97E1 /* Monash ZooUITests */,
			);
		};
/* End PBXProject section */

/* Begin PBXResourcesBuildPhase section */
		227E5F3121290E9000BC97E1 /* Resources */ = {
			isa = PBXResourcesBuildPhase;
			buildActionMask = 2147483647;
			files = (
				227E5F4421290E9200BC97E1 /* LaunchScreen.storyboard in Resources */,
				227E5F4121290E9200BC97E1 /* Assets.xcassets in Resources */,
				227E5F3C21290E9000BC97E1 /* Main.storyboard in Resources */,
			);
			runOnlyForDeploymentPostprocessing = 0;
		};
		227E5F4821290E9200BC97E1 /* Resources */ = {
			isa = PBXResourcesBuildPhase;
			buildActionMask = 2147483647;
			files = (
			);
			runOnlyForDeploymentPostprocessing = 0;
		};
		227E5F5321290E9200BC97E1 /* Resources */ = {
			isa = PBXResourcesBuildPhase;
			buildActionMask = 2147483647;
			files = (
			);
			runOnlyForDeploymentPostprocessing = 0;
		};
/* End PBXResourcesBuildPhase section */

/* Begin PBXSourcesBuildPhase section */
		227E5F2F21290E9000BC97E1 /* Sources */ = {
			isa = PBXSourcesBuildPhase;
			buildActionMask = 2147483647;
			files = (
				227E5F3F21290E9000BC97E1 /* Monash_Zoo.xcdatamodeld in Sources */,
				227E5F3921290E9000BC97E1 /* ViewController.swift in Sources */,
				227E5F3721290E9000BC97E1 /* AppDelegate.swift in Sources */,
			);
			runOnlyForDeploymentPostprocessing = 0;
		};
		227E5F4621290E9200BC97E1 /* Sources */ = {
			isa = PBXSourcesBuildPhase;
			buildActionMask = 2147483647;
			files = (
				227E5F4F21290E9200BC97E1 /* Monash_ZooTests.swift in Sources */,
			);
			runOnlyForDeploymentPostprocessing = 0;
		};
		227E5F5121290E9200BC97E1 /* Sources */ = {
			isa = PBXSourcesBuildPhase;
			buildActionMask = 2147483647;
			files = (
				227E5F5A21290E9200BC97E1 /* Monash_ZooUITests.swift in Sources */,
			);
			runOnlyForDeploymentPostprocessing = 0;
		};
/* End PBXSourcesBuildPhase section */

/* Begin PBXTargetDependency section */
		227E5F4C21290E9200BC97E1 /* PBXTargetDependency */ = {
			isa = PBXTargetDependency;
			target = 227E5F3221290E9000BC97E1 /* Monash Zoo */;
			targetProxy = 227E5F4B21290E9200BC97E1 /* PBXContainerItemProxy */;
		};
		227E5F5721290E9200BC97E1 /* PBXTargetDependency */ = {
			isa = PBXTargetDependency;
			target = 227E5F3221290E9000BC97E1 /* Monash Zoo */;
			targetProxy = 227E5F5621290E9200BC97E1 /* PBXContainerItemProxy */;
		};
/* End PBXTargetDependency section */

/* Begin PBXVariantGroup section */
		227E5F3A21290E9000BC97E1 /* Main.storyboard */ = {
			isa = PBXVariantGroup;
			children = (
				227E5F3B21290E9000BC97E1 /* Base */,
			);
			name = Main.storyboard;
			sourceTree = "<group>";
		};
		227E5F4221290E9200BC97E1 /* LaunchScreen.storyboard */ = {
			isa = PBXVariantGroup;
			children = (
				227E5F4321290E9200BC97E1 /* Base */,
			);
			name = LaunchScreen.storyboard;
			sourceTree = "<group>";
		};
/* End PBXVariantGroup section */

/* Begin XCBuildConfiguration section */
		227E5F5C21290E9200BC97E1 /* Debug */ = {
			isa = XCBuildConfiguration;
			buildSettings = {
				ALWAYS_SEARCH_USER_PATHS = NO;
				CLANG_ANALYZER_NONNULL = YES;
				CLANG_ANALYZER_NUMBER_OBJECT_CONVERSION = YES_AGGRESSIVE;
				CLANG_CXX_LANGUAGE_STANDARD = "gnu++14";
				CLANG_CXX_LIBRARY = "libc++";
				CLANG_ENABLE_MODULES = YES;
				CLANG_ENABLE_OBJC_ARC = YES;
				CLANG_ENABLE_OBJC_WEAK = YES;
				CLANG_WARN_BLOCK_CAPTURE_AUTORELEASING = YES;
				CLANG_WARN_BOOL_CONVERSION = YES;
				CLANG_WARN_COMMA = YES;
				CLANG_WARN_CONSTANT_CONVERSION = YES;
				CLANG_WARN_DEPRECATED_OBJC_IMPLEMENTATIONS = YES;
				CLANG_WARN_DIRECT_OBJC_ISA_USAGE = YES_ERROR;
				CLANG_WARN_DOCUMENTATION_COMMENTS = YES;
				CLANG_WARN_EMPTY_BODY = YES;
				CLANG_WARN_ENUM_CONVERSION = YES;
				CLANG_WARN_INFINITE_RECURSION = YES;
				CLANG_WARN_INT_CONVERSION = YES;
				CLANG_WARN_NON_LITERAL_NULL_CONVERSION = YES;
				CLANG_WARN_OBJC_IMPLICIT_RETAIN_SELF = YES;
				CLANG_WARN_OBJC_LITERAL_CONVERSION = YES;
				CLANG_WARN_OBJC_ROOT_CLASS = YES_ERROR;
				CLANG_WARN_RANGE_LOOP_ANALYSIS = YES;
				CLANG_WARN_STRICT_PROTOTYPES = YES;
				CLANG_WARN_SUSPICIOUS_MOVE = YES;
				CLANG_WARN_UNGUARDED_AVAILABILITY = YES_AGGRESSIVE;
				CLANG_WARN_UNREACHABLE_CODE = YES;
				CLANG_WARN__DUPLICATE_METHOD_MATCH = YES;
				CODE_SIGN_IDENTITY = "iPhone Developer";
				COPY_PHASE_STRIP = NO;
				DEBUG_INFORMATION_FORMAT = dwarf;
				ENABLE_STRICT_OBJC_MSGSEND = YES;
				ENABLE_TESTABILITY = YES;
				GCC_C_LANGUAGE_STANDARD = gnu11;
				GCC_DYNAMIC_NO_PIC = NO;
				GCC_NO_COMMON_BLOCKS = YES;
				GCC_OPTIMIZATION_LEVEL = 0;
				GCC_PREPROCESSOR_DEFINITIONS = (
					"DEBUG=1",
					"$(inherited)",
				);
				GCC_WARN_64_TO_32_BIT_CONVERSION = YES;
				GCC_WARN_ABOUT_RETURN_TYPE = YES_ERROR;
				GCC_WARN_UNDECLARED_SELECTOR = YES;
				GCC_WARN_UNINITIALIZED_AUTOS = YES_AGGRESSIVE;
				GCC_WARN_UNUSED_FUNCTION = YES;
				GCC_WARN_UNUSED_VARIABLE = YES;
				IPHONEOS_DEPLOYMENT_TARGET = 11.4;
				MTL_ENABLE_DEBUG_INFO = YES;
				ONLY_ACTIVE_ARCH = YES;
				SDKROOT = iphoneos;
				SWIFT_ACTIVE_COMPILATION_CONDITIONS = DEBUG;
				SWIFT_OPTIMIZATION_LEVEL = "-Onone";
			};
			name = Debug;
		};
		227E5F5D21290E9200BC97E1 /* Release */ = {
			isa = XCBuildConfiguration;
			buildSettings = {
				ALWAYS_SEARCH_USER_PATHS = NO;
				CLANG_ANALYZER_NONNULL = YES;
				CLANG_ANALYZER_NUMBER_OBJECT_CONVERSION = YES_AGGRESSIVE;
				CLANG_CXX_LANGUAGE_STANDARD = "gnu++14";
				CLANG_CXX_LIBRARY = "libc++";
				CLANG_ENABLE_MODULES = YES;
				CLANG_ENABLE_OBJC_ARC = YES;
				CLANG_ENABLE_OBJC_WEAK = YES;
				CLANG_WARN_BLOCK_CAPTURE_AUTORELEASING = YES;
				CLANG_WARN_BOOL_CONVERSION = YES;
				CLANG_WARN_COMMA = YES;
				CLANG_WARN_CONSTANT_CONVERSION = YES;
				CLANG_WARN_DEPRECATED_OBJC_IMPLEMENTATIONS = YES;
				CLANG_WARN_DIRECT_OBJC_ISA_USAGE = YES_ERROR;
				CLANG_WARN_DOCUMENTATION_COMMENTS = YES;
				CLANG_WARN_EMPTY_BODY = YES;
				CLANG_WARN_ENUM_CONVERSION = YES;
				CLANG_WARN_INFINITE_RECURSION = YES;
				CLANG_WARN_INT_CONVERSION = YES;
				CLANG_WARN_NON_LITERAL_NULL_CONVERSION = YES;
				CLANG_WARN_OBJC_IMPLICIT_RETAIN_SELF = YES;
				CLANG_WARN_OBJC_LITERAL_CONVERSION = YES;
				CLANG_WARN_OBJC_ROOT_CLASS = YES_ERROR;
				CLANG_WARN_RANGE_LOOP_ANALYSIS = YES;
				CLANG_WARN_STRICT_PROTOTYPES = YES;
				CLANG_WARN_SUSPICIOUS_MOVE = YES;
				CLANG_WARN_UNGUARDED_AVAILABILITY = YES_AGGRESSIVE;
				CLANG_WARN_UNREACHABLE_CODE = YES;
				CLANG_WARN__DUPLICATE_METHOD_MATCH = YES;
				CODE_SIGN_IDENTITY = "iPhone Developer";
				COPY_PHASE_STRIP = NO;
				DEBUG_INFORMATION_FORMAT = "dwarf-with-dsym";
				ENABLE_NS_ASSERTIONS = NO;
				ENABLE_STRICT_OBJC_MSGSEND = YES;
				GCC_C_LANGUAGE_STANDARD = gnu11;
				GCC_NO_COMMON_BLOCKS = YES;
				GCC_WARN_64_TO_32_BIT_CONVERSION = YES;
				GCC_WARN_ABOUT_RETURN_TYPE = YES_ERROR;
				GCC_WARN_UNDECLARED_SELECTOR = YES;
				GCC_WARN_UNINITIALIZED_AUTOS = YES_AGGRESSIVE;
				GCC_WARN_UNUSED_FUNCTION = YES;
				GCC_WARN_UNUSED_VARIABLE = YES;
				IPHONEOS_DEPLOYMENT_TARGET = 11.4;
				MTL_ENABLE_DEBUG_INFO = NO;
				SDKROOT = iphoneos;
				SWIFT_COMPILATION_MODE = wholemodule;
				SWIFT_OPTIMIZATION_LEVEL = "-O";
				VALIDATE_PRODUCT = YES;
			};
			name = Release;
		};
		227E5F5F21290E9200BC97E1 /* Debug */ = {
			isa = XCBuildConfiguration;
			buildSettings = {
				ASSETCATALOG_COMPILER_APPICON_NAME = AppIcon;
				CODE_SIGN_STYLE = Automatic;
				DEVELOPMENT_TEAM = B8HZS8Y38W;
				INFOPLIST_FILE = "Monash Zoo/Info.plist";
				LD_RUNPATH_SEARCH_PATHS = (
					"$(inherited)",
					"@executable_path/Frameworks",
				);
				PRODUCT_BUNDLE_IDENTIFIER = "monash.Monash-Zoo";
				PRODUCT_NAME = "$(TARGET_NAME)";
				SWIFT_VERSION = 4.0;
				TARGETED_DEVICE_FAMILY = "1,2";
			};
			name = Debug;
		};
		227E5F6021290E9200BC97E1 /* Release */ = {
			isa = XCBuildConfiguration;
			buildSettings = {
				ASSETCATALOG_COMPILER_APPICON_NAME = AppIcon;
				CODE_SIGN_STYLE = Automatic;
				DEVELOPMENT_TEAM = B8HZS8Y38W;
				INFOPLIST_FILE = "Monash Zoo/Info.plist";
				LD_RUNPATH_SEARCH_PATHS = (
					"$(inherited)",
					"@executable_path/Frameworks",
				);
				PRODUCT_BUNDLE_IDENTIFIER = "monash.Monash-Zoo";
				PRODUCT_NAME = "$(TARGET_NAME)";
				SWIFT_VERSION = 4.0;
				TARGETED_DEVICE_FAMILY = "1,2";
			};
			name = Release;
		};
		227E5F6221290E9200BC97E1 /* Debug */ = {
			isa = XCBuildConfiguration;
			buildSettings = {
				ALWAYS_EMBED_SWIFT_STANDARD_LIBRARIES = YES;
				BUNDLE_LOADER = "$(TEST_HOST)";
				CODE_SIGN_STYLE = Automatic;
				INFOPLIST_FILE = "Monash ZooTests/Info.plist";
				LD_RUNPATH_SEARCH_PATHS = (
					"$(inherited)",
					"@executable_path/Frameworks",
					"@loader_path/Frameworks",
				);
				PRODUCT_BUNDLE_IDENTIFIER = "monash.Monash-ZooTests";
				PRODUCT_NAME = "$(TARGET_NAME)";
				SWIFT_VERSION = 4.0;
				TARGETED_DEVICE_FAMILY = "1,2";
				TEST_HOST = "$(BUILT_PRODUCTS_DIR)/Monash Zoo.app/Monash Zoo";
			};
			name = Debug;
		};
		227E5F6321290E9200BC97E1 /* Release */ = {
			isa = XCBuildConfiguration;
			buildSettings = {
				ALWAYS_EMBED_SWIFT_STANDARD_LIBRARIES = YES;
				BUNDLE_LOADER = "$(TEST_HOST)";
				CODE_SIGN_STYLE = Automatic;
				INFOPLIST_FILE = "Monash ZooTests/Info.plist";
				LD_RUNPATH_SEARCH_PATHS = (
					"$(inherited)",
					"@executable_path/Frameworks",
					"@loader_path/Frameworks",
				);
				PRODUCT_BUNDLE_IDENTIFIER = "monash.Monash-ZooTests";
				PRODUCT_NAME = "$(TARGET_NAME)";
				SWIFT_VERSION = 4.0;
				TARGETED_DEVICE_FAMILY = "1,2";
				TEST_HOST = "$(BUILT_PRODUCTS_DIR)/Monash Zoo.app/Monash Zoo";
			};
			name = Release;
		};
		227E5F6521290E9200BC97E1 /* Debug */ = {
			isa = XCBuildConfiguration;
			buildSettings = {
				ALWAYS_EMBED_SWIFT_STANDARD_LIBRARIES = YES;
				CODE_SIGN_STYLE = Automatic;
				INFOPLIST_FILE = "Monash ZooUITests/Info.plist";
				LD_RUNPATH_SEARCH_PATHS = (
					"$(inherited)",
					"@executable_path/Frameworks",
					"@loader_path/Frameworks",
				);
				PRODUCT_BUNDLE_IDENTIFIER = "monash.Monash-ZooUITests";
				PRODUCT_NAME = "$(TARGET_NAME)";
				SWIFT_VERSION = 4.0;
				TARGETED_DEVICE_FAMILY = "1,2";
				TEST_TARGET_NAME = "Monash Zoo";
			};
			name = Debug;
		};
		227E5F6621290E9200BC97E1 /* Release */ = {
			isa = XCBuildConfiguration;
			buildSettings = {
				ALWAYS_EMBED_SWIFT_STANDARD_LIBRARIES = YES;
				CODE_SIGN_STYLE = Automatic;
				INFOPLIST_FILE = "Monash ZooUITests/Info.plist";
				LD_RUNPATH_SEARCH_PATHS = (
					"$(inherited)",
					"@executable_path/Frameworks",
					"@loader_path/Frameworks",
				);
				PRODUCT_BUNDLE_IDENTIFIER = "monash.Monash-ZooUITests";
				PRODUCT_NAME = "$(TARGET_NAME)";
				SWIFT_VERSION = 4.0;
				TARGETED_DEVICE_FAMILY = "1,2";
				TEST_TARGET_NAME = "Monash Zoo";
			};
			name = Release;
		};
/* End XCBuildConfiguration section */

/* Begin XCConfigurationList section */
		227E5F2E21290E9000BC97E1 /* Build configuration list for PBXProject "Monash Zoo" */ = {
			isa = XCConfigurationList;
			buildConfigurations = (
				227E5F5C21290E9200BC97E1 /* Debug */,
				227E5F5D21290E9200BC97E1 /* Release */,
			);
			defaultConfigurationIsVisible = 0;
			defaultConfigurationName = Release;
		};
		227E5F5E21290E9200BC97E1 /* Build configuration list for PBXNativeTarget "Monash Zoo" */ = {
			isa = XCConfigurationList;
			buildConfigurations = (
				227E5F5F21290E9200BC97E1 /* Debug */,
				227E5F6021290E9200BC97E1 /* Release */,
			);
			defaultConfigurationIsVisible = 0;
			defaultConfigurationName = Release;
		};
		227E5F6121290E9200BC97E1 /* Build configuration list for PBXNativeTarget "Monash ZooTests" */ = {
			isa = XCConfigurationList;
			buildConfigurations = (
				227E5F6221290E9200BC97E1 /* Debug */,
				227E5F6321290E9200BC97E1 /* Release */,
			);
			defaultConfigurationIsVisible = 0;
			defaultConfigurationName = Release;
		};
		227E5F6421290E9200BC97E1 /* Build configuration list for PBXNativeTarget "Monash ZooUITests" */ = {
			isa = XCConfigurationList;
			buildConfigurations = (
				227E5F6521290E9200BC97E1 /* Debug */,
				227E5F6621290E9200BC97E1 /* Release */,
			);
			defaultConfigurationIsVisible = 0;
			defaultConfigurationName = Release;
		};
/* End XCConfigurationList section */

/* Begin XCVersionGroup section */
		227E5F3D21290E9000BC97E1 /* Monash_Zoo.xcdatamodeld */ = {
			isa = XCVersionGroup;
			children = (
				227E5F3E21290E9000BC97E1 /* Monash_Zoo.xcdatamodel */,
			);
			currentVersion = 227E5F3E21290E9000BC97E1 /* Monash_Zoo.xcdatamodel */;
			path = Monash_Zoo.xcdatamodeld;
			sourceTree = "<group>";
			versionGroupType = wrapper.xcdatamodel;
		};
/* End XCVersionGroup section */
	};
	rootObject = 227E5F2B21290E9000BC97E1 /* Project object */;
}
